
Microsoft Visual Studio Solution File, Format Version 12.00
# Visual Studio 15
VisualStudioVersion = 15.0.26730.16
MinimumVisualStudioVersion = 10.0.40219.1
Project("{FAE04EC0-301F-11D3-BF4B-00C04F79EFBC}") = "PriceTagTagger", "PriceTagTagger\PriceTagTagger.csproj", "{71649CC0-7CDD-47D4-932B-3AF614101EB3}"
EndProject
Global
	GlobalSection(SolutionConfigurationPlatforms) = preSolution
		Debug|Any CPU = Debug|Any CPU
		Release|Any CPU = Release|Any CPU
	EndGlobalSection
	GlobalSection(ProjectConfigurationPlatforms) = postSolution
		{71649CC0-7CDD-47D4-932B-3AF614101EB3}.Debug|Any CPU.ActiveCfg = Debug|Any CPU
		{71649CC0-7CDD-47D4-932B-3AF614101EB3}.Debug|Any CPU.Build.0 = Debug|Any CPU
		{71649CC0-7CDD-47D4-932B-3AF614101EB3}.Release|Any CPU.ActiveCfg = Release|Any CPU
		{71649CC0-7CDD-47D4-932B-3AF614101EB3}.Release|Any CPU.Build.0 = Release|Any CPU
	EndGlobalSection
	GlobalSection(SolutionProperties) = preSolution
		HideSolutionNode = FALSE
	EndGlobalSection
	GlobalSection(ExtensibilityGlobals) = postSolution
		SolutionGuid = {F959D8C7-277F-4102-A091-7FD7839990D2}
	EndGlobalSection
EndGlobal
